
Microsoft Visual Studio Solution File, Format Version 12.00
# Visual Studio Version 16
VisualStudioVersion = 16.0.30128.74
MinimumVisualStudioVersion = 10.0.40219.1
Project("{FAE04EC0-301F-11D3-BF4B-00C04F79EFBC}") = "WAD_WebApplication_7039", "WAD_WebApplication_7039\WAD_WebApplication_7039.csproj", "{A0DC8E8B-86FB-43BA-9965-E6566816F5FF}"
EndProject
Project("{FAE04EC0-301F-11D3-BF4B-00C04F79EFBC}") = "Udevs.DAL", "Udevs.DAL\Udevs.DAL.csproj", "{8AB95727-43A6-4950-849F-6EDD3E0964D3}"
EndProject
Global
	GlobalSection(SolutionConfigurationPlatforms) = preSolution
		Debug|Any CPU = Debug|Any CPU
		Release|Any CPU = Release|Any CPU
	EndGlobalSection
	GlobalSection(ProjectConfigurationPlatforms) = postSolution
		{A0DC8E8B-86FB-43BA-9965-E6566816F5FF}.Debug|Any CPU.ActiveCfg = Debug|Any CPU
		{A0DC8E8B-86FB-43BA-9965-E6566816F5FF}.Debug|Any CPU.Build.0 = Debug|Any CPU
		{A0DC8E8B-86FB-43BA-9965-E6566816F5FF}.Release|Any CPU.ActiveCfg = Release|Any CPU
		{A0DC8E8B-86FB-43BA-9965-E6566816F5FF}.Release|Any CPU.Build.0 = Release|Any CPU
		{8AB95727-43A6-4950-849F-6EDD3E0964D3}.Debug|Any CPU.ActiveCfg = Debug|Any CPU
		{8AB95727-43A6-4950-849F-6EDD3E0964D3}.Debug|Any CPU.Build.0 = Debug|Any CPU
		{8AB95727-43A6-4950-849F-6EDD3E0964D3}.Release|Any CPU.ActiveCfg = Release|Any CPU
		{8AB95727-43A6-4950-849F-6EDD3E0964D3}.Release|Any CPU.Build.0 = Release|Any CPU
	EndGlobalSection
	GlobalSection(SolutionProperties) = preSolution
		HideSolutionNode = FALSE
	EndGlobalSection
	GlobalSection(ExtensibilityGlobals) = postSolution
		SolutionGuid = {5BCE445C-CCD6-4BF2-8262-44F2E6097509}
	EndGlobalSection
EndGlobal
